
Microsoft Visual Studio Solution File, Format Version 12.00
# Visual Studio 14
VisualStudioVersion = 14.0.24720.0
MinimumVisualStudioVersion = 10.0.40219.1
Project("{FAE04EC0-301F-11D3-BF4B-00C04F79EFBC}") = "SmallRobots.Ev3ControlLib", "SmallRobots.Ev3ControlLib\SmallRobots.Ev3ControlLib.csproj", "{A812DCB0-89B9-4B06-BA30-4AF2622AF339}"
EndProject
Project("{FAE04EC0-301F-11D3-BF4B-00C04F79EFBC}") = "Ev3ControLib_UnitTest", "Ev3ControLib_UnitTest\Ev3ControLib_UnitTest.csproj", "{AC1503E9-61D8-4325-BFA4-110675C85C18}"
EndProject
Project("{FAE04EC0-301F-11D3-BF4B-00C04F79EFBC}") = "RollingEv3rstorm", "RollingEv3rstorm\RollingEv3rstorm.csproj", "{C67307ED-4541-42DA-8654-78233A9E39F1}"
EndProject
Global
	GlobalSection(SolutionConfigurationPlatforms) = preSolution
		Debug|Any CPU = Debug|Any CPU
		Release|Any CPU = Release|Any CPU
	EndGlobalSection
	GlobalSection(ProjectConfigurationPlatforms) = postSolution
		{A812DCB0-89B9-4B06-BA30-4AF2622AF339}.Debug|Any CPU.ActiveCfg = Debug|Any CPU
		{A812DCB0-89B9-4B06-BA30-4AF2622AF339}.Debug|Any CPU.Build.0 = Debug|Any CPU
		{A812DCB0-89B9-4B06-BA30-4AF2622AF339}.Release|Any CPU.ActiveCfg = Release|Any CPU
		{A812DCB0-89B9-4B06-BA30-4AF2622AF339}.Release|Any CPU.Build.0 = Release|Any CPU
		{AC1503E9-61D8-4325-BFA4-110675C85C18}.Debug|Any CPU.ActiveCfg = Debug|Any CPU
		{AC1503E9-61D8-4325-BFA4-110675C85C18}.Debug|Any CPU.Build.0 = Debug|Any CPU
		{AC1503E9-61D8-4325-BFA4-110675C85C18}.Release|Any CPU.ActiveCfg = Release|Any CPU
		{AC1503E9-61D8-4325-BFA4-110675C85C18}.Release|Any CPU.Build.0 = Release|Any CPU
		{C67307ED-4541-42DA-8654-78233A9E39F1}.Debug|Any CPU.ActiveCfg = Debug|Any CPU
		{C67307ED-4541-42DA-8654-78233A9E39F1}.Debug|Any CPU.Build.0 = Debug|Any CPU
		{C67307ED-4541-42DA-8654-78233A9E39F1}.Release|Any CPU.ActiveCfg = Release|Any CPU
		{C67307ED-4541-42DA-8654-78233A9E39F1}.Release|Any CPU.Build.0 = Release|Any CPU
	EndGlobalSection
	GlobalSection(SolutionProperties) = preSolution
		HideSolutionNode = FALSE
	EndGlobalSection
EndGlobal
